// !$*UTF8*$!
{
	archiveVersion = 1;
	classes = {
	};
	objectVersion = 50;
	objects = {

/* Begin PBXBuildFile section */
		EA38FB39241CAB4C006E0667 /* AppDelegate.swift in Sources */ = {isa = PBXBuildFile; fileRef = EA38FB38241CAB4C006E0667 /* AppDelegate.swift */; };
		EA38FB3B241CAB4C006E0667 /* SceneDelegate.swift in Sources */ = {isa = PBXBuildFile; fileRef = EA38FB3A241CAB4C006E0667 /* SceneDelegate.swift */; };
		EA38FB40241CAB4C006E0667 /* Main.storyboard in Resources */ = {isa = PBXBuildFile; fileRef = EA38FB3E241CAB4C006E0667 /* Main.storyboard */; };
		EA38FB42241CAB4C006E0667 /* Assets.xcassets in Resources */ = {isa = PBXBuildFile; fileRef = EA38FB41241CAB4C006E0667 /* Assets.xcassets */; };
		EA38FB45241CAB4C006E0667 /* LaunchScreen.storyboard in Resources */ = {isa = PBXBuildFile; fileRef = EA38FB43241CAB4C006E0667 /* LaunchScreen.storyboard */; };
		EA38FB4D241CAC10006E0667 /* tableOfHolidays.swift in Sources */ = {isa = PBXBuildFile; fileRef = EA38FB4C241CAC10006E0667 /* tableOfHolidays.swift */; };
		EAB645D2241CB77900FA317A /* HolidayRequest.swift in Sources */ = {isa = PBXBuildFile; fileRef = EAB645D0241CB77900FA317A /* HolidayRequest.swift */; };
		EAB645D3241CB77900FA317A /* Holiday.swift in Sources */ = {isa = PBXBuildFile; fileRef = EAB645D1241CB77900FA317A /* Holiday.swift */; };
/* End PBXBuildFile section */

/* Begin PBXFileReference section */
		EA38FB35241CAB4C006E0667 /* Holidays.app */ = {isa = PBXFileReference; explicitFileType = wrapper.application; includeInIndex = 0; path = Holidays.app; sourceTree = BUILT_PRODUCTS_DIR; };
		EA38FB38241CAB4C006E0667 /* AppDelegate.swift */ = {isa = PBXFileReference; lastKnownFileType = sourcecode.swift; path = AppDelegate.swift; sourceTree = "<group>"; };
		EA38FB3A241CAB4C006E0667 /* SceneDelegate.swift */ = {isa = PBXFileReference; lastKnownFileType = sourcecode.swift; path = SceneDelegate.swift; sourceTree = "<group>"; };
		EA38FB3F241CAB4C006E0667 /* Base */ = {isa = PBXFileReference; lastKnownFileType = file.storyboard; name = Base; path = Base.lproj/Main.storyboard; sourceTree = "<group>"; };
		EA38FB41241CAB4C006E0667 /* Assets.xcassets */ = {isa = PBXFileReference; lastKnownFileType = folder.assetcatalog; path = Assets.xcassets; sourceTree = "<group>"; };
		EA38FB44241CAB4C006E0667 /* Base */ = {isa = PBXFileReference; lastKnownFileType = file.storyboard; name = Base; path = Base.lproj/LaunchScreen.storyboard; sourceTree = "<group>"; };
		EA38FB46241CAB4C006E0667 /* Info.plist */ = {isa = PBXFileReference; lastKnownFileType = text.plist.xml; path = Info.plist; sourceTree = "<group>"; };
		EA38FB4C241CAC10006E0667 /* tableOfHolidays.swift */ = {isa = PBXFileReference; lastKnownFileType = sourcecode.swift; path = tableOfHolidays.swift; sourceTree = "<group>"; };
		EAB645D0241CB77900FA317A /* HolidayRequest.swift */ = {isa = PBXFileReference; fileEncoding = 4; lastKnownFileType = sourcecode.swift; path = HolidayRequest.swift; sourceTree = "<group>"; };
		EAB645D1241CB77900FA317A /* Holiday.swift */ = {isa = PBXFileReference; fileEncoding = 4; lastKnownFileType = sourcecode.swift; path = Holiday.swift; sourceTree = "<group>"; };
/* End PBXFileReference section */

/* Begin PBXFrameworksBuildPhase section */
		EA38FB32241CAB4C006E0667 /* Frameworks */ = {
			isa = PBXFrameworksBuildPhase;
			buildActionMask = 2147483647;
			files = (
			);
			runOnlyForDeploymentPostprocessing = 0;
		};
/* End PBXFrameworksBuildPhase section */

/* Begin PBXGroup section */
		EA38FB2C241CAB4C006E0667 = {
			isa = PBXGroup;
			children = (
				EA38FB37241CAB4C006E0667 /* Holidays */,
				EA38FB36241CAB4C006E0667 /* Products */,
			);
			sourceTree = "<group>";
		};
		EA38FB36241CAB4C006E0667 /* Products */ = {
			isa = PBXGroup;
			children = (
				EA38FB35241CAB4C006E0667 /* Holidays.app */,
			);
			name = Products;
			sourceTree = "<group>";
		};
		EA38FB37241CAB4C006E0667 /* Holidays */ = {
			isa = PBXGroup;
			children = (
				EA38FB38241CAB4C006E0667 /* AppDelegate.swift */,
				EAB645D1241CB77900FA317A /* Holiday.swift */,
				EAB645D0241CB77900FA317A /* HolidayRequest.swift */,
				EA38FB3A241CAB4C006E0667 /* SceneDelegate.swift */,
				EA38FB3E241CAB4C006E0667 /* Main.storyboard */,
				EA38FB4C241CAC10006E0667 /* tableOfHolidays.swift */,
				EA38FB41241CAB4C006E0667 /* Assets.xcassets */,
				EA38FB43241CAB4C006E0667 /* LaunchScreen.storyboard */,
				EA38FB46241CAB4C006E0667 /* Info.plist */,
			);
			path = Holidays;
			sourceTree = "<group>";
		};
/* End PBXGroup section */

/* Begin PBXNativeTarget section */
		EA38FB34241CAB4C006E0667 /* Holidays */ = {
			isa = PBXNativeTarget;
			buildConfigurationList = EA38FB49241CAB4C006E0667 /* Build configuration list for PBXNativeTarget "Holidays" */;
			buildPhases = (
				EA38FB31241CAB4C006E0667 /* Sources */,
				EA38FB32241CAB4C006E0667 /* Frameworks */,
				EA38FB33241CAB4C006E0667 /* Resources */,
			);
			buildRules = (
			);
			dependencies = (
			);
			name = Holidays;
			productName = Holidays;
			productReference = EA38FB35241CAB4C006E0667 /* Holidays.app */;
			productType = "com.apple.product-type.application";
		};
/* End PBXNativeTarget section */

/* Begin PBXProject section */
		EA38FB2D241CAB4C006E0667 /* Project object */ = {
			isa = PBXProject;
			attributes = {
				LastSwiftUpdateCheck = 1130;
				LastUpgradeCheck = 1130;
				ORGANIZATIONNAME = Nipuna;
				TargetAttributes = {
					EA38FB34241CAB4C006E0667 = {
						CreatedOnToolsVersion = 11.3.1;
					};
				};
			};
			buildConfigurationList = EA38FB30241CAB4C006E0667 /* Build configuration list for PBXProject "Holidays" */;
			compatibilityVersion = "Xcode 9.3";
			developmentRegion = en;
			hasScannedForEncodings = 0;
			knownRegions = (
				en,
				Base,
			);
			mainGroup = EA38FB2C241CAB4C006E0667;
			productRefGroup = EA38FB36241CAB4C006E0667 /* Products */;
			projectDirPath = "";
			projectRoot = "";
			targets = (
				EA38FB34241CAB4C006E0667 /* Holidays */,
			);
		};
/* End PBXProject section */

/* Begin PBXResourcesBuildPhase section */
		EA38FB33241CAB4C006E0667 /* Resources */ = {
			isa = PBXResourcesBuildPhase;
			buildActionMask = 2147483647;
			files = (
				EA38FB45241CAB4C006E0667 /* LaunchScreen.storyboard in Resources */,
				EA38FB42241CAB4C006E0667 /* Assets.xcassets in Resources */,
				EA38FB40241CAB4C006E0667 /* Main.storyboard in Resources */,
			);
			runOnlyForDeploymentPostprocessing = 0;
		};
/* End PBXResourcesBuildPhase section */

/* Begin PBXSourcesBuildPhase section */
		EA38FB31241CAB4C006E0667 /* Sources */ = {
			isa = PBXSourcesBuildPhase;
			buildActionMask = 2147483647;
			files = (
				EAB645D2241CB77900FA317A /* HolidayRequest.swift in Sources */,
				EA38FB39241CAB4C006E0667 /* AppDelegate.swift in Sources */,
				EAB645D3241CB77900FA317A /* Holiday.swift in Sources */,
				EA38FB3B241CAB4C006E0667 /* SceneDelegate.swift in Sources */,
				EA38FB4D241CAC10006E0667 /* tableOfHolidays.swift in Sources */,
			);
			runOnlyForDeploymentPostprocessing = 0;
		};
/* End PBXSourcesBuildPhase section */

/* Begin PBXVariantGroup section */
		EA38FB3E241CAB4C006E0667 /* Main.storyboard */ = {
			isa = PBXVariantGroup;
			children = (
				EA38FB3F241CAB4C006E0667 /* Base */,
			);
			name = Main.storyboard;
			sourceTree = "<group>";
		};
		EA38FB43241CAB4C006E0667 /* LaunchScreen.storyboard */ = {
			isa = PBXVariantGroup;
			children = (
				EA38FB44241CAB4C006E0667 /* Base */,
			);
			name = LaunchScreen.storyboard;
			sourceTree = "<group>";
		};
/* End PBXVariantGroup section */

/* Begin XCBuildConfiguration section */
		EA38FB47241CAB4C006E0667 /* Debug */ = {
			isa = XCBuildConfiguration;
			buildSettings = {
				ALWAYS_SEARCH_USER_PATHS = NO;
				CLANG_ANALYZER_NONNULL = YES;
				CLANG_ANALYZER_NUMBER_OBJECT_CONVERSION = YES_AGGRESSIVE;
				CLANG_CXX_LANGUAGE_STANDARD = "gnu++14";
				CLANG_CXX_LIBRARY = "libc++";
				CLANG_ENABLE_MODULES = YES;
				CLANG_ENABLE_OBJC_ARC = YES;
				CLANG_ENABLE_OBJC_WEAK = YES;
				CLANG_WARN_BLOCK_CAPTURE_AUTORELEASING = YES;
				CLANG_WARN_BOOL_CONVERSION = YES;
				CLANG_WARN_COMMA = YES;
				CLANG_WARN_CONSTANT_CONVERSION = YES;
				CLANG_WARN_DEPRECATED_OBJC_IMPLEMENTATIONS = YES;
				CLANG_WARN_DIRECT_OBJC_ISA_USAGE = YES_ERROR;
				CLANG_WARN_DOCUMENTATION_COMMENTS = YES;
				CLANG_WARN_EMPTY_BODY = YES;
				CLANG_WARN_ENUM_CONVERSION = YES;
				CLANG_WARN_INFINITE_RECURSION = YES;
				CLANG_WARN_INT_CONVERSION = YES;
				CLANG_WARN_NON_LITERAL_NULL_CONVERSION = YES;
				CLANG_WARN_OBJC_IMPLICIT_RETAIN_SELF = YES;
				CLANG_WARN_OBJC_LITERAL_CONVERSION = YES;
				CLANG_WARN_OBJC_ROOT_CLASS = YES_ERROR;
				CLANG_WARN_RANGE_LOOP_ANALYSIS = YES;
				CLANG_WARN_STRICT_PROTOTYPES = YES;
				CLANG_WARN_SUSPICIOUS_MOVE = YES;
				CLANG_WARN_UNGUARDED_AVAILABILITY = YES_AGGRESSIVE;
				CLANG_WARN_UNREACHABLE_CODE = YES;
				CLANG_WARN__DUPLICATE_METHOD_MATCH = YES;
				COPY_PHASE_STRIP = NO;
				DEBUG_INFORMATION_FORMAT = dwarf;
				ENABLE_STRICT_OBJC_MSGSEND = YES;
				ENABLE_TESTABILITY = YES;
				GCC_C_LANGUAGE_STANDARD = gnu11;
				GCC_DYNAMIC_NO_PIC = NO;
				GCC_NO_COMMON_BLOCKS = YES;
				GCC_OPTIMIZATION_LEVEL = 0;
				GCC_PREPROCESSOR_DEFINITIONS = (
					"DEBUG=1",
					"$(inherited)",
				);
				GCC_WARN_64_TO_32_BIT_CONVERSION = YES;
				GCC_WARN_ABOUT_RETURN_TYPE = YES_ERROR;
				GCC_WARN_UNDECLARED_SELECTOR = YES;
				GCC_WARN_UNINITIALIZED_AUTOS = YES_AGGRESSIVE;
				GCC_WARN_UNUSED_FUNCTION = YES;
				GCC_WARN_UNUSED_VARIABLE = YES;
				IPHONEOS_DEPLOYMENT_TARGET = 13.2;
				MTL_ENABLE_DEBUG_INFO = INCLUDE_SOURCE;
				MTL_FAST_MATH = YES;
				ONLY_ACTIVE_ARCH = YES;
				SDKROOT = iphoneos;
				SWIFT_ACTIVE_COMPILATION_CONDITIONS = DEBUG;
				SWIFT_OPTIMIZATION_LEVEL = "-Onone";
			};
			name = Debug;
		};
		EA38FB48241CAB4C006E0667 /* Release */ = {
			isa = XCBuildConfiguration;
			buildSettings = {
				ALWAYS_SEARCH_USER_PATHS = NO;
				CLANG_ANALYZER_NONNULL = YES;
				CLANG_ANALYZER_NUMBER_OBJECT_CONVERSION = YES_AGGRESSIVE;
				CLANG_CXX_LANGUAGE_STANDARD = "gnu++14";
				CLANG_CXX_LIBRARY = "libc++";
				CLANG_ENABLE_MODULES = YES;
				CLANG_ENABLE_OBJC_ARC = YES;
				CLANG_ENABLE_OBJC_WEAK = YES;
				CLANG_WARN_BLOCK_CAPTURE_AUTORELEASING = YES;
				CLANG_WARN_BOOL_CONVERSION = YES;
				CLANG_WARN_COMMA = YES;
				CLANG_WARN_CONSTANT_CONVERSION = YES;
				CLANG_WARN_DEPRECATED_OBJC_IMPLEMENTATIONS = YES;
				CLANG_WARN_DIRECT_OBJC_ISA_USAGE = YES_ERROR;
				CLANG_WARN_DOCUMENTATION_COMMENTS = YES;
				CLANG_WARN_EMPTY_BODY = YES;
				CLANG_WARN_ENUM_CONVERSION = YES;
				CLANG_WARN_INFINITE_RECURSION = YES;
				CLANG_WARN_INT_CONVERSION = YES;
				CLANG_WARN_NON_LITERAL_NULL_CONVERSION = YES;
				CLANG_WARN_OBJC_IMPLICIT_RETAIN_SELF = YES;
				CLANG_WARN_OBJC_LITERAL_CONVERSION = YES;
				CLANG_WARN_OBJC_ROOT_CLASS = YES_ERROR;
				CLANG_WARN_RANGE_LOOP_ANALYSIS = YES;
				CLANG_WARN_STRICT_PROTOTYPES = YES;
				CLANG_WARN_SUSPICIOUS_MOVE = YES;
				CLANG_WARN_UNGUARDED_AVAILABILITY = YES_AGGRESSIVE;
				CLANG_WARN_UNREACHABLE_CODE = YES;
				CLANG_WARN__DUPLICATE_METHOD_MATCH = YES;
				COPY_PHASE_STRIP = NO;
				DEBUG_INFORMATION_FORMAT = "dwarf-with-dsym";
				ENABLE_NS_ASSERTIONS = NO;
				ENABLE_STRICT_OBJC_MSGSEND = YES;
				GCC_C_LANGUAGE_STANDARD = gnu11;
				GCC_NO_COMMON_BLOCKS = YES;
				GCC_WARN_64_TO_32_BIT_CONVERSION = YES;
				GCC_WARN_ABOUT_RETURN_TYPE = YES_ERROR;
				GCC_WARN_UNDECLARED_SELECTOR = YES;
				GCC_WARN_UNINITIALIZED_AUTOS = YES_AGGRESSIVE;
				GCC_WARN_UNUSED_FUNCTION = YES;
				GCC_WARN_UNUSED_VARIABLE = YES;
				IPHONEOS_DEPLOYMENT_TARGET = 13.2;
				MTL_ENABLE_DEBUG_INFO = NO;
				MTL_FAST_MATH = YES;
				SDKROOT = iphoneos;
				SWIFT_COMPILATION_MODE = wholemodule;
				SWIFT_OPTIMIZATION_LEVEL = "-O";
				VALIDATE_PRODUCT = YES;
			};
			name = Release;
		};
		EA38FB4A241CAB4C006E0667 /* Debug */ = {
			isa = XCBuildConfiguration;
			buildSettings = {
				ASSETCATALOG_COMPILER_APPICON_NAME = AppIcon;
				CODE_SIGN_STYLE = Automatic;
				INFOPLIST_FILE = Holidays/Info.plist;
				LD_RUNPATH_SEARCH_PATHS = (
					"$(inherited)",
					"@executable_path/Frameworks",
				);
				PRODUCT_BUNDLE_IDENTIFIER = Nipuna.Holidays;
				PRODUCT_NAME = "$(TARGET_NAME)";
				SWIFT_VERSION = 5.0;
				TARGETED_DEVICE_FAMILY = "1,2";
			};
			name = Debug;
		};
		EA38FB4B241CAB4C006E0667 /* Release */ = {
			isa = XCBuildConfiguration;
			buildSettings = {
				ASSETCATALOG_COMPILER_APPICON_NAME = AppIcon;
				CODE_SIGN_STYLE = Automatic;
				INFOPLIST_FILE = Holidays/Info.plist;
				LD_RUNPATH_SEARCH_PATHS = (
					"$(inherited)",
					"@executable_path/Frameworks",
				);
				PRODUCT_BUNDLE_IDENTIFIER = Nipuna.Holidays;
				PRODUCT_NAME = "$(TARGET_NAME)";
				SWIFT_VERSION = 5.0;
				TARGETED_DEVICE_FAMILY = "1,2";
			};
			name = Release;
		};
/* End XCBuildConfiguration section */

/* Begin XCConfigurationList section */
		EA38FB30241CAB4C006E0667 /* Build configuration list for PBXProject "Holidays" */ = {
			isa = XCConfigurationList;
			buildConfigurations = (
				EA38FB47241CAB4C006E0667 /* Debug */,
				EA38FB48241CAB4C006E0667 /* Release */,
			);
			defaultConfigurationIsVisible = 0;
			defaultConfigurationName = Release;
		};
		EA38FB49241CAB4C006E0667 /* Build configuration list for PBXNativeTarget "Holidays" */ = {
			isa = XCConfigurationList;
			buildConfigurations = (
				EA38FB4A241CAB4C006E0667 /* Debug */,
				EA38FB4B241CAB4C006E0667 /* Release */,
			);
			defaultConfigurationIsVisible = 0;
			defaultConfigurationName = Release;
		};
/* End XCConfigurationList section */
	};
	rootObject = EA38FB2D241CAB4C006E0667 /* Project object */;
}
